
Microsoft Visual Studio Solution File, Format Version 12.00
Project("{FAE04EC0-301F-11D3-BF4B-00C04F79EFBC}") = "PlayerStatsBot", "PlayerStatsBot\PlayerStatsBot.csproj", "{848D9D48-730B-4386-AC03-F1AB74684C37}"
EndProject
Global
	GlobalSection(SolutionConfigurationPlatforms) = preSolution
		Debug|Any CPU = Debug|Any CPU
		Release|Any CPU = Release|Any CPU
	EndGlobalSection
	GlobalSection(ProjectConfigurationPlatforms) = postSolution
		{848D9D48-730B-4386-AC03-F1AB74684C37}.Debug|Any CPU.ActiveCfg = Debug|Any CPU
		{848D9D48-730B-4386-AC03-F1AB74684C37}.Debug|Any CPU.Build.0 = Debug|Any CPU
		{848D9D48-730B-4386-AC03-F1AB74684C37}.Release|Any CPU.ActiveCfg = Release|Any CPU
		{848D9D48-730B-4386-AC03-F1AB74684C37}.Release|Any CPU.Build.0 = Release|Any CPU
	EndGlobalSection
EndGlobal
